// !$*UTF8*$!
{
	archiveVersion = 1;
	classes = {
	};
	objectVersion = 50;
	objects = {

/* Begin PBXBuildFile section */
		BC280CC823EAD099004E58B5 /* TokenSerialQueue.m in Sources */ = {isa = PBXBuildFile; fileRef = BC280CC723EAD099004E58B5 /* TokenSerialQueue.m */; };
		BC28299B23EB036C004E58B5 /* TokenSerialQueue+Chain.m in Sources */ = {isa = PBXBuildFile; fileRef = BC28299A23EB036C004E58B5 /* TokenSerialQueue+Chain.m */; };
		BC69625A23E45E7C00614AD2 /* SwiftCodeVC.swift in Sources */ = {isa = PBXBuildFile; fileRef = BC69625923E45E7C00614AD2 /* SwiftCodeVC.swift */; };
		BC9B394323DC96810083F2F0 /* TokenSemaphoreLock.m in Sources */ = {isa = PBXBuildFile; fileRef = BC9B394223DC96810083F2F0 /* TokenSemaphoreLock.m */; };
		BC9B3BB623DC9EB80083F2F0 /* TokenOperationGroup.m in Sources */ = {isa = PBXBuildFile; fileRef = BC9B3BB523DC9EB80083F2F0 /* TokenOperationGroup.m */; };
		BCB2DFB022D2400600786463 /* AppDelegate.m in Sources */ = {isa = PBXBuildFile; fileRef = BCB2DFAF22D2400600786463 /* AppDelegate.m */; };
		BCB2DFB322D2400600786463 /* ViewController.m in Sources */ = {isa = PBXBuildFile; fileRef = BCB2DFB222D2400600786463 /* ViewController.m */; };
		BCB2DFB622D2400600786463 /* Main.storyboard in Resources */ = {isa = PBXBuildFile; fileRef = BCB2DFB422D2400600786463 /* Main.storyboard */; };
		BCB2DFB822D2400700786463 /* Assets.xcassets in Resources */ = {isa = PBXBuildFile; fileRef = BCB2DFB722D2400700786463 /* Assets.xcassets */; };
		BCB2DFBE22D2400700786463 /* main.m in Sources */ = {isa = PBXBuildFile; fileRef = BCB2DFBD22D2400700786463 /* main.m */; };
		BCB2DFC922D2407500786463 /* TokenOperationQueue.m in Sources */ = {isa = PBXBuildFile; fileRef = BCB2DFC822D2407500786463 /* TokenOperationQueue.m */; };
		BCB2DFCB22D240A900786463 /* LaunchScreen.storyboard in Resources */ = {isa = PBXBuildFile; fileRef = BCB2DFCA22D240A900786463 /* LaunchScreen.storyboard */; };
		BCFABD9E23DC9FEB00FC88CB /* TokenOperationGroup+Chain.m in Sources */ = {isa = PBXBuildFile; fileRef = BCFABD9D23DC9FEB00FC88CB /* TokenOperationGroup+Chain.m */; };
		BCFABDA123DCA0D900FC88CB /* TokenOperationQueue+Chain.m in Sources */ = {isa = PBXBuildFile; fileRef = BCFABDA023DCA0D900FC88CB /* TokenOperationQueue+Chain.m */; };
		F8460EE823FE6CBF00C2232F /* TokenSemaphoreLock+Chain.m in Sources */ = {isa = PBXBuildFile; fileRef = F8460EE723FE6CBF00C2232F /* TokenSemaphoreLock+Chain.m */; };
/* End PBXBuildFile section */

/* Begin PBXFileReference section */
		BC280CC623EAD099004E58B5 /* TokenSerialQueue.h */ = {isa = PBXFileReference; lastKnownFileType = sourcecode.c.h; path = TokenSerialQueue.h; sourceTree = "<group>"; };
		BC280CC723EAD099004E58B5 /* TokenSerialQueue.m */ = {isa = PBXFileReference; lastKnownFileType = sourcecode.c.objc; path = TokenSerialQueue.m; sourceTree = "<group>"; };
		BC28299923EB036C004E58B5 /* TokenSerialQueue+Chain.h */ = {isa = PBXFileReference; lastKnownFileType = sourcecode.c.h; path = "TokenSerialQueue+Chain.h"; sourceTree = "<group>"; };
		BC28299A23EB036C004E58B5 /* TokenSerialQueue+Chain.m */ = {isa = PBXFileReference; lastKnownFileType = sourcecode.c.objc; path = "TokenSerialQueue+Chain.m"; sourceTree = "<group>"; };
		BC69625823E45E7B00614AD2 /* TokenOperationQueue-Bridging-Header.h */ = {isa = PBXFileReference; lastKnownFileType = sourcecode.c.h; path = "TokenOperationQueue-Bridging-Header.h"; sourceTree = "<group>"; };
		BC69625923E45E7C00614AD2 /* SwiftCodeVC.swift */ = {isa = PBXFileReference; lastKnownFileType = sourcecode.swift; path = SwiftCodeVC.swift; sourceTree = "<group>"; };
		BC9B394123DC96810083F2F0 /* TokenSemaphoreLock.h */ = {isa = PBXFileReference; lastKnownFileType = sourcecode.c.h; path = TokenSemaphoreLock.h; sourceTree = "<group>"; };
		BC9B394223DC96810083F2F0 /* TokenSemaphoreLock.m */ = {isa = PBXFileReference; lastKnownFileType = sourcecode.c.objc; path = TokenSemaphoreLock.m; sourceTree = "<group>"; };
		BC9B394423DC97030083F2F0 /* TokenOperationHeader.h */ = {isa = PBXFileReference; lastKnownFileType = sourcecode.c.h; path = TokenOperationHeader.h; sourceTree = "<group>"; };
		BC9B3BB423DC9EB80083F2F0 /* TokenOperationGroup.h */ = {isa = PBXFileReference; lastKnownFileType = sourcecode.c.h; path = TokenOperationGroup.h; sourceTree = "<group>"; };
		BC9B3BB523DC9EB80083F2F0 /* TokenOperationGroup.m */ = {isa = PBXFileReference; lastKnownFileType = sourcecode.c.objc; path = TokenOperationGroup.m; sourceTree = "<group>"; };
		BCB2DFAB22D2400600786463 /* TokenOperationQueue.app */ = {isa = PBXFileReference; explicitFileType = wrapper.application; includeInIndex = 0; path = TokenOperationQueue.app; sourceTree = BUILT_PRODUCTS_DIR; };
		BCB2DFAE22D2400600786463 /* AppDelegate.h */ = {isa = PBXFileReference; lastKnownFileType = sourcecode.c.h; path = AppDelegate.h; sourceTree = "<group>"; };
		BCB2DFAF22D2400600786463 /* AppDelegate.m */ = {isa = PBXFileReference; lastKnownFileType = sourcecode.c.objc; path = AppDelegate.m; sourceTree = "<group>"; };
		BCB2DFB122D2400600786463 /* ViewController.h */ = {isa = PBXFileReference; lastKnownFileType = sourcecode.c.h; path = ViewController.h; sourceTree = "<group>"; };
		BCB2DFB222D2400600786463 /* ViewController.m */ = {isa = PBXFileReference; lastKnownFileType = sourcecode.c.objc; path = ViewController.m; sourceTree = "<group>"; };
		BCB2DFB522D2400600786463 /* Base */ = {isa = PBXFileReference; lastKnownFileType = file.storyboard; name = Base; path = Base.lproj/Main.storyboard; sourceTree = "<group>"; };
		BCB2DFB722D2400700786463 /* Assets.xcassets */ = {isa = PBXFileReference; lastKnownFileType = folder.assetcatalog; path = Assets.xcassets; sourceTree = "<group>"; };
		BCB2DFBC22D2400700786463 /* Info.plist */ = {isa = PBXFileReference; lastKnownFileType = text.plist.xml; path = Info.plist; sourceTree = "<group>"; };
		BCB2DFBD22D2400700786463 /* main.m */ = {isa = PBXFileReference; lastKnownFileType = sourcecode.c.objc; path = main.m; sourceTree = "<group>"; };
		BCB2DFC722D2407500786463 /* TokenOperationQueue.h */ = {isa = PBXFileReference; fileEncoding = 4; lastKnownFileType = sourcecode.c.h; path = TokenOperationQueue.h; sourceTree = "<group>"; };
		BCB2DFC822D2407500786463 /* TokenOperationQueue.m */ = {isa = PBXFileReference; fileEncoding = 4; lastKnownFileType = sourcecode.c.objc; path = TokenOperationQueue.m; sourceTree = "<group>"; };
		BCB2DFCA22D240A900786463 /* LaunchScreen.storyboard */ = {isa = PBXFileReference; lastKnownFileType = file.storyboard; path = LaunchScreen.storyboard; sourceTree = "<group>"; };
		BCFABD9C23DC9FEB00FC88CB /* TokenOperationGroup+Chain.h */ = {isa = PBXFileReference; lastKnownFileType = sourcecode.c.h; path = "TokenOperationGroup+Chain.h"; sourceTree = "<group>"; };
		BCFABD9D23DC9FEB00FC88CB /* TokenOperationGroup+Chain.m */ = {isa = PBXFileReference; lastKnownFileType = sourcecode.c.objc; path = "TokenOperationGroup+Chain.m"; sourceTree = "<group>"; };
		BCFABD9F23DCA0D900FC88CB /* TokenOperationQueue+Chain.h */ = {isa = PBXFileReference; lastKnownFileType = sourcecode.c.h; path = "TokenOperationQueue+Chain.h"; sourceTree = "<group>"; };
		BCFABDA023DCA0D900FC88CB /* TokenOperationQueue+Chain.m */ = {isa = PBXFileReference; lastKnownFileType = sourcecode.c.objc; path = "TokenOperationQueue+Chain.m"; sourceTree = "<group>"; };
		F8460EE623FE6CBF00C2232F /* TokenSemaphoreLock+Chain.h */ = {isa = PBXFileReference; lastKnownFileType = sourcecode.c.h; path = "TokenSemaphoreLock+Chain.h"; sourceTree = "<group>"; };
		F8460EE723FE6CBF00C2232F /* TokenSemaphoreLock+Chain.m */ = {isa = PBXFileReference; lastKnownFileType = sourcecode.c.objc; path = "TokenSemaphoreLock+Chain.m"; sourceTree = "<group>"; };
/* End PBXFileReference section */

/* Begin PBXFrameworksBuildPhase section */
		BCB2DFA822D2400600786463 /* Frameworks */ = {
			isa = PBXFrameworksBuildPhase;
			buildActionMask = 2147483647;
			files = (
			);
			runOnlyForDeploymentPostprocessing = 0;
		};
/* End PBXFrameworksBuildPhase section */

/* Begin PBXGroup section */
		BCB2DFA222D2400600786463 = {
			isa = PBXGroup;
			children = (
				BCB2DFC622D2407500786463 /* source */,
				BCB2DFAD22D2400600786463 /* TokenOperationQueue */,
				BCB2DFAC22D2400600786463 /* Products */,
			);
			sourceTree = "<group>";
		};
		BCB2DFAC22D2400600786463 /* Products */ = {
			isa = PBXGroup;
			children = (
				BCB2DFAB22D2400600786463 /* TokenOperationQueue.app */,
			);
			name = Products;
			sourceTree = "<group>";
		};
		BCB2DFAD22D2400600786463 /* TokenOperationQueue */ = {
			isa = PBXGroup;
			children = (
				BCB2DFAE22D2400600786463 /* AppDelegate.h */,
				BCB2DFAF22D2400600786463 /* AppDelegate.m */,
				BCB2DFB722D2400700786463 /* Assets.xcassets */,
				BCB2DFBC22D2400700786463 /* Info.plist */,
				BCB2DFCA22D240A900786463 /* LaunchScreen.storyboard */,
				BCB2DFBD22D2400700786463 /* main.m */,
				BCB2DFB422D2400600786463 /* Main.storyboard */,
				BC69625923E45E7C00614AD2 /* SwiftCodeVC.swift */,
				BC69625823E45E7B00614AD2 /* TokenOperationQueue-Bridging-Header.h */,
				BCB2DFB122D2400600786463 /* ViewController.h */,
				BCB2DFB222D2400600786463 /* ViewController.m */,
			);
			path = TokenOperationQueue;
			sourceTree = "<group>";
		};
		BCB2DFC622D2407500786463 /* source */ = {
			isa = PBXGroup;
			children = (
				BC9B394423DC97030083F2F0 /* TokenOperationHeader.h */,
				BC9B3BB423DC9EB80083F2F0 /* TokenOperationGroup.h */,
				BC9B3BB523DC9EB80083F2F0 /* TokenOperationGroup.m */,
				BCFABD9C23DC9FEB00FC88CB /* TokenOperationGroup+Chain.h */,
				BCFABD9D23DC9FEB00FC88CB /* TokenOperationGroup+Chain.m */,
				BCB2DFC722D2407500786463 /* TokenOperationQueue.h */,
				BCB2DFC822D2407500786463 /* TokenOperationQueue.m */,
				BCFABD9F23DCA0D900FC88CB /* TokenOperationQueue+Chain.h */,
				BCFABDA023DCA0D900FC88CB /* TokenOperationQueue+Chain.m */,
				BC9B394123DC96810083F2F0 /* TokenSemaphoreLock.h */,
				BC9B394223DC96810083F2F0 /* TokenSemaphoreLock.m */,
				F8460EE623FE6CBF00C2232F /* TokenSemaphoreLock+Chain.h */,
				F8460EE723FE6CBF00C2232F /* TokenSemaphoreLock+Chain.m */,
				BC280CC623EAD099004E58B5 /* TokenSerialQueue.h */,
				BC280CC723EAD099004E58B5 /* TokenSerialQueue.m */,
				BC28299923EB036C004E58B5 /* TokenSerialQueue+Chain.h */,
				BC28299A23EB036C004E58B5 /* TokenSerialQueue+Chain.m */,
			);
			name = source;
			path = ../source;
			sourceTree = "<group>";
		};
/* End PBXGroup section */

/* Begin PBXNativeTarget section */
		BCB2DFAA22D2400600786463 /* TokenOperationQueue */ = {
			isa = PBXNativeTarget;
			buildConfigurationList = BCB2DFC122D2400700786463 /* Build configuration list for PBXNativeTarget "TokenOperationQueue" */;
			buildPhases = (
				BCB2DFA722D2400600786463 /* Sources */,
				BCB2DFA822D2400600786463 /* Frameworks */,
				BCB2DFA922D2400600786463 /* Resources */,
			);
			buildRules = (
			);
			dependencies = (
			);
			name = TokenOperationQueue;
			productName = TokenOperationQueue;
			productReference = BCB2DFAB22D2400600786463 /* TokenOperationQueue.app */;
			productType = "com.apple.product-type.application";
		};
/* End PBXNativeTarget section */

/* Begin PBXProject section */
		BCB2DFA322D2400600786463 /* Project object */ = {
			isa = PBXProject;
			attributes = {
				LastUpgradeCheck = 1130;
				ORGANIZATIONNAME = Token;
				TargetAttributes = {
					BCB2DFAA22D2400600786463 = {
						CreatedOnToolsVersion = 10.2.1;
						LastSwiftMigration = 1130;
					};
				};
			};
			buildConfigurationList = BCB2DFA622D2400600786463 /* Build configuration list for PBXProject "TokenOperationQueue" */;
			compatibilityVersion = "Xcode 9.3";
			developmentRegion = en;
			hasScannedForEncodings = 0;
			knownRegions = (
				en,
				Base,
			);
			mainGroup = BCB2DFA222D2400600786463;
			productRefGroup = BCB2DFAC22D2400600786463 /* Products */;
			projectDirPath = "";
			projectRoot = "";
			targets = (
				BCB2DFAA22D2400600786463 /* TokenOperationQueue */,
			);
		};
/* End PBXProject section */

/* Begin PBXResourcesBuildPhase section */
		BCB2DFA922D2400600786463 /* Resources */ = {
			isa = PBXResourcesBuildPhase;
			buildActionMask = 2147483647;
			files = (
				BCB2DFCB22D240A900786463 /* LaunchScreen.storyboard in Resources */,
				BCB2DFB822D2400700786463 /* Assets.xcassets in Resources */,
				BCB2DFB622D2400600786463 /* Main.storyboard in Resources */,
			);
			runOnlyForDeploymentPostprocessing = 0;
		};
/* End PBXResourcesBuildPhase section */

/* Begin PBXSourcesBuildPhase section */
		BCB2DFA722D2400600786463 /* Sources */ = {
			isa = PBXSourcesBuildPhase;
			buildActionMask = 2147483647;
			files = (
				BCB2DFB322D2400600786463 /* ViewController.m in Sources */,
				BCFABDA123DCA0D900FC88CB /* TokenOperationQueue+Chain.m in Sources */,
				BCFABD9E23DC9FEB00FC88CB /* TokenOperationGroup+Chain.m in Sources */,
				BC280CC823EAD099004E58B5 /* TokenSerialQueue.m in Sources */,
				BC69625A23E45E7C00614AD2 /* SwiftCodeVC.swift in Sources */,
				F8460EE823FE6CBF00C2232F /* TokenSemaphoreLock+Chain.m in Sources */,
				BC28299B23EB036C004E58B5 /* TokenSerialQueue+Chain.m in Sources */,
				BCB2DFBE22D2400700786463 /* main.m in Sources */,
				BCB2DFB022D2400600786463 /* AppDelegate.m in Sources */,
				BCB2DFC922D2407500786463 /* TokenOperationQueue.m in Sources */,
				BC9B394323DC96810083F2F0 /* TokenSemaphoreLock.m in Sources */,
				BC9B3BB623DC9EB80083F2F0 /* TokenOperationGroup.m in Sources */,
			);
			runOnlyForDeploymentPostprocessing = 0;
		};
/* End PBXSourcesBuildPhase section */

/* Begin PBXVariantGroup section */
		BCB2DFB422D2400600786463 /* Main.storyboard */ = {
			isa = PBXVariantGroup;
			children = (
				BCB2DFB522D2400600786463 /* Base */,
			);
			name = Main.storyboard;
			sourceTree = "<group>";
		};
/* End PBXVariantGroup section */

/* Begin XCBuildConfiguration section */
		BCB2DFBF22D2400700786463 /* Debug */ = {
			isa = XCBuildConfiguration;
			buildSettings = {
				ALWAYS_SEARCH_USER_PATHS = NO;
				CLANG_ANALYZER_NONNULL = YES;
				CLANG_ANALYZER_NUMBER_OBJECT_CONVERSION = YES_AGGRESSIVE;
				CLANG_CXX_LANGUAGE_STANDARD = "gnu++14";
				CLANG_CXX_LIBRARY = "libc++";
				CLANG_ENABLE_MODULES = YES;
				CLANG_ENABLE_OBJC_ARC = YES;
				CLANG_ENABLE_OBJC_WEAK = YES;
				CLANG_WARN_BLOCK_CAPTURE_AUTORELEASING = YES;
				CLANG_WARN_BOOL_CONVERSION = YES;
				CLANG_WARN_COMMA = YES;
				CLANG_WARN_CONSTANT_CONVERSION = YES;
				CLANG_WARN_DEPRECATED_OBJC_IMPLEMENTATIONS = YES;
				CLANG_WARN_DIRECT_OBJC_ISA_USAGE = YES_ERROR;
				CLANG_WARN_DOCUMENTATION_COMMENTS = YES;
				CLANG_WARN_EMPTY_BODY = YES;
				CLANG_WARN_ENUM_CONVERSION = YES;
				CLANG_WARN_INFINITE_RECURSION = YES;
				CLANG_WARN_INT_CONVERSION = YES;
				CLANG_WARN_NON_LITERAL_NULL_CONVERSION = YES;
				CLANG_WARN_OBJC_IMPLICIT_RETAIN_SELF = YES;
				CLANG_WARN_OBJC_LITERAL_CONVERSION = YES;
				CLANG_WARN_OBJC_ROOT_CLASS = YES_ERROR;
				CLANG_WARN_RANGE_LOOP_ANALYSIS = YES;
				CLANG_WARN_STRICT_PROTOTYPES = YES;
				CLANG_WARN_SUSPICIOUS_MOVE = YES;
				CLANG_WARN_UNGUARDED_AVAILABILITY = YES_AGGRESSIVE;
				CLANG_WARN_UNREACHABLE_CODE = YES;
				CLANG_WARN__DUPLICATE_METHOD_MATCH = YES;
				CODE_SIGN_IDENTITY = "iPhone Developer";
				COPY_PHASE_STRIP = NO;
				DEBUG_INFORMATION_FORMAT = dwarf;
				ENABLE_STRICT_OBJC_MSGSEND = YES;
				ENABLE_TESTABILITY = YES;
				GCC_C_LANGUAGE_STANDARD = gnu11;
				GCC_DYNAMIC_NO_PIC = NO;
				GCC_NO_COMMON_BLOCKS = YES;
				GCC_OPTIMIZATION_LEVEL = 0;
				GCC_PREPROCESSOR_DEFINITIONS = (
					"DEBUG=1",
					"$(inherited)",
				);
				GCC_WARN_64_TO_32_BIT_CONVERSION = YES;
				GCC_WARN_ABOUT_RETURN_TYPE = YES_ERROR;
				GCC_WARN_UNDECLARED_SELECTOR = YES;
				GCC_WARN_UNINITIALIZED_AUTOS = YES_AGGRESSIVE;
				GCC_WARN_UNUSED_FUNCTION = YES;
				GCC_WARN_UNUSED_VARIABLE = YES;
				IPHONEOS_DEPLOYMENT_TARGET = 13.2;
				MTL_ENABLE_DEBUG_INFO = INCLUDE_SOURCE;
				MTL_FAST_MATH = YES;
				ONLY_ACTIVE_ARCH = YES;
				SDKROOT = iphoneos;
			};
			name = Debug;
		};
		BCB2DFC022D2400700786463 /* Release */ = {
			isa = XCBuildConfiguration;
			buildSettings = {
				ALWAYS_SEARCH_USER_PATHS = NO;
				CLANG_ANALYZER_NONNULL = YES;
				CLANG_ANALYZER_NUMBER_OBJECT_CONVERSION = YES_AGGRESSIVE;
				CLANG_CXX_LANGUAGE_STANDARD = "gnu++14";
				CLANG_CXX_LIBRARY = "libc++";
				CLANG_ENABLE_MODULES = YES;
				CLANG_ENABLE_OBJC_ARC = YES;
				CLANG_ENABLE_OBJC_WEAK = YES;
				CLANG_WARN_BLOCK_CAPTURE_AUTORELEASING = YES;
				CLANG_WARN_BOOL_CONVERSION = YES;
				CLANG_WARN_COMMA = YES;
				CLANG_WARN_CONSTANT_CONVERSION = YES;
				CLANG_WARN_DEPRECATED_OBJC_IMPLEMENTATIONS = YES;
				CLANG_WARN_DIRECT_OBJC_ISA_USAGE = YES_ERROR;
				CLANG_WARN_DOCUMENTATION_COMMENTS = YES;
				CLANG_WARN_EMPTY_BODY = YES;
				CLANG_WARN_ENUM_CONVERSION = YES;
				CLANG_WARN_INFINITE_RECURSION = YES;
				CLANG_WARN_INT_CONVERSION = YES;
				CLANG_WARN_NON_LITERAL_NULL_CONVERSION = YES;
				CLANG_WARN_OBJC_IMPLICIT_RETAIN_SELF = YES;
				CLANG_WARN_OBJC_LITERAL_CONVERSION = YES;
				CLANG_WARN_OBJC_ROOT_CLASS = YES_ERROR;
				CLANG_WARN_RANGE_LOOP_ANALYSIS = YES;
				CLANG_WARN_STRICT_PROTOTYPES = YES;
				CLANG_WARN_SUSPICIOUS_MOVE = YES;
				CLANG_WARN_UNGUARDED_AVAILABILITY = YES_AGGRESSIVE;
				CLANG_WARN_UNREACHABLE_CODE = YES;
				CLANG_WARN__DUPLICATE_METHOD_MATCH = YES;
				CODE_SIGN_IDENTITY = "iPhone Developer";
				COPY_PHASE_STRIP = NO;
				DEBUG_INFORMATION_FORMAT = "dwarf-with-dsym";
				ENABLE_NS_ASSERTIONS = NO;
				ENABLE_STRICT_OBJC_MSGSEND = YES;
				GCC_C_LANGUAGE_STANDARD = gnu11;
				GCC_NO_COMMON_BLOCKS = YES;
				GCC_WARN_64_TO_32_BIT_CONVERSION = YES;
				GCC_WARN_ABOUT_RETURN_TYPE = YES_ERROR;
				GCC_WARN_UNDECLARED_SELECTOR = YES;
				GCC_WARN_UNINITIALIZED_AUTOS = YES_AGGRESSIVE;
				GCC_WARN_UNUSED_FUNCTION = YES;
				GCC_WARN_UNUSED_VARIABLE = YES;
				IPHONEOS_DEPLOYMENT_TARGET = 13.2;
				MTL_ENABLE_DEBUG_INFO = NO;
				MTL_FAST_MATH = YES;
				SDKROOT = iphoneos;
				SWIFT_COMPILATION_MODE = wholemodule;
				VALIDATE_PRODUCT = YES;
			};
			name = Release;
		};
		BCB2DFC222D2400700786463 /* Debug */ = {
			isa = XCBuildConfiguration;
			buildSettings = {
				ASSETCATALOG_COMPILER_APPICON_NAME = AppIcon;
				CLANG_ENABLE_MODULES = YES;
				CODE_SIGN_STYLE = Automatic;
				DEVELOPMENT_TEAM = C9LLPH449N;
				INFOPLIST_FILE = TokenOperationQueue/Info.plist;
				IPHONEOS_DEPLOYMENT_TARGET = 13.2;
				LD_RUNPATH_SEARCH_PATHS = (
					"$(inherited)",
					"@executable_path/Frameworks",
				);
				PRODUCT_BUNDLE_IDENTIFIER = com.token.TokenOperationQueue;
				PRODUCT_NAME = "$(TARGET_NAME)";
				SWIFT_OBJC_BRIDGING_HEADER = "TokenOperationQueue/TokenOperationQueue-Bridging-Header.h";
				SWIFT_OPTIMIZATION_LEVEL = "-Onone";
				SWIFT_VERSION = 5.0;
				TARGETED_DEVICE_FAMILY = 1;
			};
			name = Debug;
		};
		BCB2DFC322D2400700786463 /* Release */ = {
			isa = XCBuildConfiguration;
			buildSettings = {
				ASSETCATALOG_COMPILER_APPICON_NAME = AppIcon;
				CLANG_ENABLE_MODULES = YES;
				CODE_SIGN_STYLE = Automatic;
				DEVELOPMENT_TEAM = C9LLPH449N;
				INFOPLIST_FILE = TokenOperationQueue/Info.plist;
				IPHONEOS_DEPLOYMENT_TARGET = 13.2;
				LD_RUNPATH_SEARCH_PATHS = (
					"$(inherited)",
					"@executable_path/Frameworks",
				);
				PRODUCT_BUNDLE_IDENTIFIER = com.token.TokenOperationQueue;
				PRODUCT_NAME = "$(TARGET_NAME)";
				SWIFT_OBJC_BRIDGING_HEADER = "TokenOperationQueue/TokenOperationQueue-Bridging-Header.h";
				SWIFT_VERSION = 5.0;
				TARGETED_DEVICE_FAMILY = 1;
			};
			name = Release;
		};
/* End XCBuildConfiguration section */

/* Begin XCConfigurationList section */
		BCB2DFA622D2400600786463 /* Build configuration list for PBXProject "TokenOperationQueue" */ = {
			isa = XCConfigurationList;
			buildConfigurations = (
				BCB2DFBF22D2400700786463 /* Debug */,
				BCB2DFC022D2400700786463 /* Release */,
			);
			defaultConfigurationIsVisible = 0;
			defaultConfigurationName = Release;
		};
		BCB2DFC122D2400700786463 /* Build configuration list for PBXNativeTarget "TokenOperationQueue" */ = {
			isa = XCConfigurationList;
			buildConfigurations = (
				BCB2DFC222D2400700786463 /* Debug */,
				BCB2DFC322D2400700786463 /* Release */,
			);
			defaultConfigurationIsVisible = 0;
			defaultConfigurationName = Release;
		};
/* End XCConfigurationList section */
	};
	rootObject = BCB2DFA322D2400600786463 /* Project object */;
}
